
Microsoft Visual Studio Solution File, Format Version 12.00
# Visual Studio Version 16
VisualStudioVersion = 16.0.32413.511
MinimumVisualStudioVersion = 10.0.40219.1
Project("{FAE04EC0-301F-11D3-BF4B-00C04F79EFBC}") = "Inven2", "Inven2\Inven2.csproj", "{83399C37-4F59-428D-919F-AF7C4B863BEB}"
EndProject
Global
	GlobalSection(SolutionConfigurationPlatforms) = preSolution
		Debug|Any CPU = Debug|Any CPU
		Release|Any CPU = Release|Any CPU
	EndGlobalSection
	GlobalSection(ProjectConfigurationPlatforms) = postSolution
		{83399C37-4F59-428D-919F-AF7C4B863BEB}.Debug|Any CPU.ActiveCfg = Debug|Any CPU
		{83399C37-4F59-428D-919F-AF7C4B863BEB}.Debug|Any CPU.Build.0 = Debug|Any CPU
		{83399C37-4F59-428D-919F-AF7C4B863BEB}.Release|Any CPU.ActiveCfg = Release|Any CPU
		{83399C37-4F59-428D-919F-AF7C4B863BEB}.Release|Any CPU.Build.0 = Release|Any CPU
	EndGlobalSection
	GlobalSection(SolutionProperties) = preSolution
		HideSolutionNode = FALSE
	EndGlobalSection
	GlobalSection(ExtensibilityGlobals) = postSolution
		SolutionGuid = {3D2C30F2-7E33-4A17-8854-449B7E5E7D59}
	EndGlobalSection
EndGlobal
